
Microsoft Visual Studio Solution File, Format Version 12.00
# Visual Studio Version 16
VisualStudioVersion = 16.0.30907.101
MinimumVisualStudioVersion = 10.0.40219.1
Project("{9A19103F-16F7-4668-BE54-9A1E7A4F7556}") = "Business", "Business\Business.csproj", "{BEEA9A9D-EA4C-42F3-9CB8-217659F053FD}"
EndProject
Project("{9A19103F-16F7-4668-BE54-9A1E7A4F7556}") = "DataAccess", "DataAccess\DataAccess.csproj", "{ABECE8F6-E500-4FF4-8E9A-55EC54D47A7D}"
EndProject
Project("{9A19103F-16F7-4668-BE54-9A1E7A4F7556}") = "Entities", "Entities\Entities.csproj", "{B05C90F6-9567-408C-B417-BD7E562B8F1D}"
EndProject
Project("{9A19103F-16F7-4668-BE54-9A1E7A4F7556}") = "Core", "Core\Core.csproj", "{78DC5B74-0089-4C82-9B86-99A09772ED04}"
EndProject
Project("{9A19103F-16F7-4668-BE54-9A1E7A4F7556}") = "ConsoleUI", "ConsoleUI\ConsoleUI.csproj", "{FC426545-04EF-4893-91DE-A8AD19BC23C9}"
EndProject
Global
	GlobalSection(SolutionConfigurationPlatforms) = preSolution
		Debug|Any CPU = Debug|Any CPU
		Release|Any CPU = Release|Any CPU
	EndGlobalSection
	GlobalSection(ProjectConfigurationPlatforms) = postSolution
		{BEEA9A9D-EA4C-42F3-9CB8-217659F053FD}.Debug|Any CPU.ActiveCfg = Debug|Any CPU
		{BEEA9A9D-EA4C-42F3-9CB8-217659F053FD}.Debug|Any CPU.Build.0 = Debug|Any CPU
		{BEEA9A9D-EA4C-42F3-9CB8-217659F053FD}.Release|Any CPU.ActiveCfg = Release|Any CPU
		{BEEA9A9D-EA4C-42F3-9CB8-217659F053FD}.Release|Any CPU.Build.0 = Release|Any CPU
		{ABECE8F6-E500-4FF4-8E9A-55EC54D47A7D}.Debug|Any CPU.ActiveCfg = Debug|Any CPU
		{ABECE8F6-E500-4FF4-8E9A-55EC54D47A7D}.Debug|Any CPU.Build.0 = Debug|Any CPU
		{ABECE8F6-E500-4FF4-8E9A-55EC54D47A7D}.Release|Any CPU.ActiveCfg = Release|Any CPU
		{ABECE8F6-E500-4FF4-8E9A-55EC54D47A7D}.Release|Any CPU.Build.0 = Release|Any CPU
		{B05C90F6-9567-408C-B417-BD7E562B8F1D}.Debug|Any CPU.ActiveCfg = Debug|Any CPU
		{B05C90F6-9567-408C-B417-BD7E562B8F1D}.Debug|Any CPU.Build.0 = Debug|Any CPU
		{B05C90F6-9567-408C-B417-BD7E562B8F1D}.Release|Any CPU.ActiveCfg = Release|Any CPU
		{B05C90F6-9567-408C-B417-BD7E562B8F1D}.Release|Any CPU.Build.0 = Release|Any CPU
		{78DC5B74-0089-4C82-9B86-99A09772ED04}.Debug|Any CPU.ActiveCfg = Debug|Any CPU
		{78DC5B74-0089-4C82-9B86-99A09772ED04}.Debug|Any CPU.Build.0 = Debug|Any CPU
		{78DC5B74-0089-4C82-9B86-99A09772ED04}.Release|Any CPU.ActiveCfg = Release|Any CPU
		{78DC5B74-0089-4C82-9B86-99A09772ED04}.Release|Any CPU.Build.0 = Release|Any CPU
		{FC426545-04EF-4893-91DE-A8AD19BC23C9}.Debug|Any CPU.ActiveCfg = Debug|Any CPU
		{FC426545-04EF-4893-91DE-A8AD19BC23C9}.Debug|Any CPU.Build.0 = Debug|Any CPU
		{FC426545-04EF-4893-91DE-A8AD19BC23C9}.Release|Any CPU.ActiveCfg = Release|Any CPU
		{FC426545-04EF-4893-91DE-A8AD19BC23C9}.Release|Any CPU.Build.0 = Release|Any CPU
	EndGlobalSection
	GlobalSection(SolutionProperties) = preSolution
		HideSolutionNode = FALSE
	EndGlobalSection
	GlobalSection(ExtensibilityGlobals) = postSolution
		SolutionGuid = {74442260-606B-4B2C-97CF-1D803B69D18F}
	EndGlobalSection
EndGlobal
